
Microsoft Visual Studio Solution File, Format Version 12.00
# Visual Studio Version 17
VisualStudioVersion = 17.4.33122.133
MinimumVisualStudioVersion = 10.0.40219.1
Project("{9A19103F-16F7-4668-BE54-9A1E7A4F7556}") = "Model", "Model\Model.csproj", "{BEF346D7-6BCB-4B67-9843-CD71F6A73699}"
EndProject
Project("{9A19103F-16F7-4668-BE54-9A1E7A4F7556}") = "Forms", "Forms\Forms.csproj", "{2EB8F301-E3E7-4379-B3D4-1B22266E4E15}"
EndProject
Project("{9A19103F-16F7-4668-BE54-9A1E7A4F7556}") = "DatabaseContext", "DatabaseContext\DatabaseContext.csproj", "{1B4D4F7E-C00E-450B-929C-5429F45C1185}"
EndProject
Project("{9A19103F-16F7-4668-BE54-9A1E7A4F7556}") = "NPBank.UnitTests", "NPBank.UnitTests\NPBank.UnitTests.csproj", "{5F2D32A8-D157-4FC2-AD7B-50A9E8087E15}"
EndProject
Project("{FAE04EC0-301F-11D3-BF4B-00C04F79EFBC}") = "Controller", "Controller\Controller.csproj", "{F66B877C-F66B-41D4-8351-3AD0CF2CD832}"
EndProject
Global
	GlobalSection(SolutionConfigurationPlatforms) = preSolution
		Debug|Any CPU = Debug|Any CPU
		Release|Any CPU = Release|Any CPU
	EndGlobalSection
	GlobalSection(ProjectConfigurationPlatforms) = postSolution
		{BEF346D7-6BCB-4B67-9843-CD71F6A73699}.Debug|Any CPU.ActiveCfg = Debug|Any CPU
		{BEF346D7-6BCB-4B67-9843-CD71F6A73699}.Debug|Any CPU.Build.0 = Debug|Any CPU
		{BEF346D7-6BCB-4B67-9843-CD71F6A73699}.Release|Any CPU.ActiveCfg = Release|Any CPU
		{BEF346D7-6BCB-4B67-9843-CD71F6A73699}.Release|Any CPU.Build.0 = Release|Any CPU
		{2EB8F301-E3E7-4379-B3D4-1B22266E4E15}.Debug|Any CPU.ActiveCfg = Debug|Any CPU
		{2EB8F301-E3E7-4379-B3D4-1B22266E4E15}.Debug|Any CPU.Build.0 = Debug|Any CPU
		{2EB8F301-E3E7-4379-B3D4-1B22266E4E15}.Release|Any CPU.ActiveCfg = Release|Any CPU
		{2EB8F301-E3E7-4379-B3D4-1B22266E4E15}.Release|Any CPU.Build.0 = Release|Any CPU
		{1B4D4F7E-C00E-450B-929C-5429F45C1185}.Debug|Any CPU.ActiveCfg = Debug|Any CPU
		{1B4D4F7E-C00E-450B-929C-5429F45C1185}.Debug|Any CPU.Build.0 = Debug|Any CPU
		{1B4D4F7E-C00E-450B-929C-5429F45C1185}.Release|Any CPU.ActiveCfg = Release|Any CPU
		{1B4D4F7E-C00E-450B-929C-5429F45C1185}.Release|Any CPU.Build.0 = Release|Any CPU
		{5F2D32A8-D157-4FC2-AD7B-50A9E8087E15}.Debug|Any CPU.ActiveCfg = Debug|Any CPU
		{5F2D32A8-D157-4FC2-AD7B-50A9E8087E15}.Debug|Any CPU.Build.0 = Debug|Any CPU
		{5F2D32A8-D157-4FC2-AD7B-50A9E8087E15}.Release|Any CPU.ActiveCfg = Release|Any CPU
		{5F2D32A8-D157-4FC2-AD7B-50A9E8087E15}.Release|Any CPU.Build.0 = Release|Any CPU
		{F66B877C-F66B-41D4-8351-3AD0CF2CD832}.Debug|Any CPU.ActiveCfg = Debug|Any CPU
		{F66B877C-F66B-41D4-8351-3AD0CF2CD832}.Debug|Any CPU.Build.0 = Debug|Any CPU
		{F66B877C-F66B-41D4-8351-3AD0CF2CD832}.Release|Any CPU.ActiveCfg = Release|Any CPU
		{F66B877C-F66B-41D4-8351-3AD0CF2CD832}.Release|Any CPU.Build.0 = Release|Any CPU
	EndGlobalSection
	GlobalSection(SolutionProperties) = preSolution
		HideSolutionNode = FALSE
	EndGlobalSection
	GlobalSection(ExtensibilityGlobals) = postSolution
		SolutionGuid = {97825E5F-5025-45B8-BE9C-99057B5049E0}
	EndGlobalSection
EndGlobal
